
Microsoft Visual Studio Solution File, Format Version 12.00
# Visual Studio Version 17
VisualStudioVersion = 17.3.32721.290
MinimumVisualStudioVersion = 10.0.40219.1
Project("{9A19103F-16F7-4668-BE54-9A1E7A4F7556}") = "Arrays", "Arrays\Arrays.csproj", "{75B9F780-C88D-4F1C-8290-BED77C13FA90}"
EndProject
Project("{9A19103F-16F7-4668-BE54-9A1E7A4F7556}") = "LinkedList", "LinkedList\LinkedList.csproj", "{91C316C0-C359-4027-8C20-0CA26DE77210}"
EndProject
Project("{9A19103F-16F7-4668-BE54-9A1E7A4F7556}") = "Stacks", "Stacks\Stacks.csproj", "{E77CDDFA-E295-4DDE-855E-F4A18112B219}"
EndProject
Project("{9A19103F-16F7-4668-BE54-9A1E7A4F7556}") = "Queues", "Queues\Queues.csproj", "{19181356-269F-422B-B7A5-A6FBF2EB3A6C}"
EndProject
Project("{9A19103F-16F7-4668-BE54-9A1E7A4F7556}") = "HashTables", "HashTables\HashTables.csproj", "{AAF028DC-7E4B-4E46-B128-5527F2211088}"
EndProject
Project("{2150E333-8FDC-42A3-9474-1A3956D46DE8}") = "Files", "Files", "{EB61F22D-4D2F-439F-BC5A-4FD869BD5346}"
	ProjectSection(SolutionItems) = preProject
		.gitignore = .gitignore
		Directory.Build.props = Directory.Build.props
	EndProjectSection
EndProject
Project("{9A19103F-16F7-4668-BE54-9A1E7A4F7556}") = "BinaryTrees", "BinaryTrees\BinaryTrees.csproj", "{4042950F-FBE3-40A5-AB92-440D526B3663}"
EndProject
Project("{9A19103F-16F7-4668-BE54-9A1E7A4F7556}") = "Heaps", "Heaps\Heaps.csproj", "{FC9CA7CD-783D-4638-9702-85CF32D35FB8}"
EndProject
Project("{FAE04EC0-301F-11D3-BF4B-00C04F79EFBC}") = "Sorting", "Sorting\Sorting.csproj", "{DA5061CC-5671-49C7-A037-7D39D031AC5C}"
EndProject
Global
	GlobalSection(SolutionConfigurationPlatforms) = preSolution
		Debug|Any CPU = Debug|Any CPU
		Release|Any CPU = Release|Any CPU
	EndGlobalSection
	GlobalSection(ProjectConfigurationPlatforms) = postSolution
		{75B9F780-C88D-4F1C-8290-BED77C13FA90}.Debug|Any CPU.ActiveCfg = Debug|Any CPU
		{75B9F780-C88D-4F1C-8290-BED77C13FA90}.Debug|Any CPU.Build.0 = Debug|Any CPU
		{75B9F780-C88D-4F1C-8290-BED77C13FA90}.Release|Any CPU.ActiveCfg = Release|Any CPU
		{75B9F780-C88D-4F1C-8290-BED77C13FA90}.Release|Any CPU.Build.0 = Release|Any CPU
		{91C316C0-C359-4027-8C20-0CA26DE77210}.Debug|Any CPU.ActiveCfg = Debug|Any CPU
		{91C316C0-C359-4027-8C20-0CA26DE77210}.Debug|Any CPU.Build.0 = Debug|Any CPU
		{91C316C0-C359-4027-8C20-0CA26DE77210}.Release|Any CPU.ActiveCfg = Release|Any CPU
		{91C316C0-C359-4027-8C20-0CA26DE77210}.Release|Any CPU.Build.0 = Release|Any CPU
		{E77CDDFA-E295-4DDE-855E-F4A18112B219}.Debug|Any CPU.ActiveCfg = Debug|Any CPU
		{E77CDDFA-E295-4DDE-855E-F4A18112B219}.Debug|Any CPU.Build.0 = Debug|Any CPU
		{E77CDDFA-E295-4DDE-855E-F4A18112B219}.Release|Any CPU.ActiveCfg = Release|Any CPU
		{E77CDDFA-E295-4DDE-855E-F4A18112B219}.Release|Any CPU.Build.0 = Release|Any CPU
		{19181356-269F-422B-B7A5-A6FBF2EB3A6C}.Debug|Any CPU.ActiveCfg = Debug|Any CPU
		{19181356-269F-422B-B7A5-A6FBF2EB3A6C}.Debug|Any CPU.Build.0 = Debug|Any CPU
		{19181356-269F-422B-B7A5-A6FBF2EB3A6C}.Release|Any CPU.ActiveCfg = Release|Any CPU
		{19181356-269F-422B-B7A5-A6FBF2EB3A6C}.Release|Any CPU.Build.0 = Release|Any CPU
		{AAF028DC-7E4B-4E46-B128-5527F2211088}.Debug|Any CPU.ActiveCfg = Debug|Any CPU
		{AAF028DC-7E4B-4E46-B128-5527F2211088}.Debug|Any CPU.Build.0 = Debug|Any CPU
		{AAF028DC-7E4B-4E46-B128-5527F2211088}.Release|Any CPU.ActiveCfg = Release|Any CPU
		{AAF028DC-7E4B-4E46-B128-5527F2211088}.Release|Any CPU.Build.0 = Release|Any CPU
		{4042950F-FBE3-40A5-AB92-440D526B3663}.Debug|Any CPU.ActiveCfg = Debug|Any CPU
		{4042950F-FBE3-40A5-AB92-440D526B3663}.Debug|Any CPU.Build.0 = Debug|Any CPU
		{4042950F-FBE3-40A5-AB92-440D526B3663}.Release|Any CPU.ActiveCfg = Release|Any CPU
		{4042950F-FBE3-40A5-AB92-440D526B3663}.Release|Any CPU.Build.0 = Release|Any CPU
		{FC9CA7CD-783D-4638-9702-85CF32D35FB8}.Debug|Any CPU.ActiveCfg = Debug|Any CPU
		{FC9CA7CD-783D-4638-9702-85CF32D35FB8}.Debug|Any CPU.Build.0 = Debug|Any CPU
		{FC9CA7CD-783D-4638-9702-85CF32D35FB8}.Release|Any CPU.ActiveCfg = Release|Any CPU
		{FC9CA7CD-783D-4638-9702-85CF32D35FB8}.Release|Any CPU.Build.0 = Release|Any CPU
		{DA5061CC-5671-49C7-A037-7D39D031AC5C}.Debug|Any CPU.ActiveCfg = Debug|Any CPU
		{DA5061CC-5671-49C7-A037-7D39D031AC5C}.Debug|Any CPU.Build.0 = Debug|Any CPU
		{DA5061CC-5671-49C7-A037-7D39D031AC5C}.Release|Any CPU.ActiveCfg = Release|Any CPU
		{DA5061CC-5671-49C7-A037-7D39D031AC5C}.Release|Any CPU.Build.0 = Release|Any CPU
	EndGlobalSection
	GlobalSection(SolutionProperties) = preSolution
		HideSolutionNode = FALSE
	EndGlobalSection
	GlobalSection(ExtensibilityGlobals) = postSolution
		SolutionGuid = {3A836AE5-DFCA-4DF9-BFDA-65F04495DACA}
	EndGlobalSection
EndGlobal
